
Microsoft Visual Studio Solution File, Format Version 12.00
# Visual Studio Version 17
VisualStudioVersion = 17.10.35013.160
MinimumVisualStudioVersion = 10.0.40219.1
Project("{FAE04EC0-301F-11D3-BF4B-00C04F79EFBC}") = "Empire simulator", "Empire simulator\Empire simulator.csproj", "{11C9A620-88BD-4607-8890-CE396B4859FF}"
EndProject
Global
	GlobalSection(SolutionConfigurationPlatforms) = preSolution
		Debug|Any CPU = Debug|Any CPU
		Release|Any CPU = Release|Any CPU
	EndGlobalSection
	GlobalSection(ProjectConfigurationPlatforms) = postSolution
		{11C9A620-88BD-4607-8890-CE396B4859FF}.Debug|Any CPU.ActiveCfg = Debug|Any CPU
		{11C9A620-88BD-4607-8890-CE396B4859FF}.Debug|Any CPU.Build.0 = Debug|Any CPU
		{11C9A620-88BD-4607-8890-CE396B4859FF}.Release|Any CPU.ActiveCfg = Release|Any CPU
		{11C9A620-88BD-4607-8890-CE396B4859FF}.Release|Any CPU.Build.0 = Release|Any CPU
	EndGlobalSection
	GlobalSection(SolutionProperties) = preSolution
		HideSolutionNode = FALSE
	EndGlobalSection
	GlobalSection(ExtensibilityGlobals) = postSolution
		SolutionGuid = {E4BDDE31-C9F2-4AC1-ADEC-0FA6D0A55CAE}
	EndGlobalSection
EndGlobal
